
Microsoft Visual Studio Solution File, Format Version 12.00
# Visual Studio Version 16
VisualStudioVersion = 16.0.30011.22
MinimumVisualStudioVersion = 10.0.40219.1
Project("{9A19103F-16F7-4668-BE54-9A1E7A4F7556}") = "BQuery", "BQuery\BQuery.csproj", "{B1712A1D-8D69-4612-B129-1CC5E9E49D75}"
EndProject
Project("{9A19103F-16F7-4668-BE54-9A1E7A4F7556}") = "BQuery.Sample", "BQuery.Sample\BQuery.Sample.csproj", "{B644B01F-5763-4708-921D-0438D87FC82D}"
EndProject
Global
	GlobalSection(SolutionConfigurationPlatforms) = preSolution
		Debug|Any CPU = Debug|Any CPU
		Release|Any CPU = Release|Any CPU
	EndGlobalSection
	GlobalSection(ProjectConfigurationPlatforms) = postSolution
		{B1712A1D-8D69-4612-B129-1CC5E9E49D75}.Debug|Any CPU.ActiveCfg = Debug|Any CPU
		{B1712A1D-8D69-4612-B129-1CC5E9E49D75}.Debug|Any CPU.Build.0 = Debug|Any CPU
		{B1712A1D-8D69-4612-B129-1CC5E9E49D75}.Release|Any CPU.ActiveCfg = Release|Any CPU
		{B1712A1D-8D69-4612-B129-1CC5E9E49D75}.Release|Any CPU.Build.0 = Release|Any CPU
		{B644B01F-5763-4708-921D-0438D87FC82D}.Debug|Any CPU.ActiveCfg = Debug|Any CPU
		{B644B01F-5763-4708-921D-0438D87FC82D}.Debug|Any CPU.Build.0 = Debug|Any CPU
		{B644B01F-5763-4708-921D-0438D87FC82D}.Release|Any CPU.ActiveCfg = Release|Any CPU
		{B644B01F-5763-4708-921D-0438D87FC82D}.Release|Any CPU.Build.0 = Release|Any CPU
	EndGlobalSection
	GlobalSection(SolutionProperties) = preSolution
		HideSolutionNode = FALSE
	EndGlobalSection
	GlobalSection(ExtensibilityGlobals) = postSolution
		SolutionGuid = {524B24C6-CB21-4439-A58F-0F5B84FB02A1}
	EndGlobalSection
EndGlobal
