
Microsoft Visual Studio Solution File, Format Version 12.00
# Visual Studio Version 17
VisualStudioVersion = 17.0.31903.59
MinimumVisualStudioVersion = 10.0.40219.1
Project("{9A19103F-16F7-4668-BE54-9A1E7A4F7556}") = "BQuery", "BQuery\BQuery.csproj", "{B1712A1D-8D69-4612-B129-1CC5E9E49D75}"
EndProject
Project("{2150E333-8FDC-42A3-9474-1A3956D46DE8}") = "Sample", "Sample", "{A05FBB9B-494F-42DE-BFE4-0FD145E9FA17}"
EndProject
Project("{9A19103F-16F7-4668-BE54-9A1E7A4F7556}") = "BQuery.Sample.Wasm", "Sample\BQuery.Sample.Wasm\BQuery.Sample.Wasm.csproj", "{2B8C3860-671D-497E-8CA4-FC69E9CBB55D}"
EndProject
Project("{9A19103F-16F7-4668-BE54-9A1E7A4F7556}") = "BQuery.Sample.Server", "Sample\BQuery.Sample.Server\BQuery.Sample.Server.csproj", "{23F2243D-5B05-4BDF-912D-55DC24D3AE88}"
EndProject
Project("{9A19103F-16F7-4668-BE54-9A1E7A4F7556}") = "BQuery.Sample.Common", "Sample\BQuery.Sample.Common\BQuery.Sample.Common.csproj", "{E9F67929-EDE1-425B-8D7F-4F650B070626}"
EndProject
Project("{2150E333-8FDC-42A3-9474-1A3956D46DE8}") = "Solution Items", "Solution Items", "{FCE6E73B-9D94-4675-93D5-80AEBAE2BF37}"
	ProjectSection(SolutionItems) = preProject
		README.md = README.md
	EndProjectSection
EndProject
Global
	GlobalSection(SolutionConfigurationPlatforms) = preSolution
		Debug|Any CPU = Debug|Any CPU
		Release|Any CPU = Release|Any CPU
	EndGlobalSection
	GlobalSection(ProjectConfigurationPlatforms) = postSolution
		{B1712A1D-8D69-4612-B129-1CC5E9E49D75}.Debug|Any CPU.ActiveCfg = Debug|Any CPU
		{B1712A1D-8D69-4612-B129-1CC5E9E49D75}.Debug|Any CPU.Build.0 = Debug|Any CPU
		{B1712A1D-8D69-4612-B129-1CC5E9E49D75}.Release|Any CPU.ActiveCfg = Release|Any CPU
		{B1712A1D-8D69-4612-B129-1CC5E9E49D75}.Release|Any CPU.Build.0 = Release|Any CPU
		{2B8C3860-671D-497E-8CA4-FC69E9CBB55D}.Debug|Any CPU.ActiveCfg = Debug|Any CPU
		{2B8C3860-671D-497E-8CA4-FC69E9CBB55D}.Debug|Any CPU.Build.0 = Debug|Any CPU
		{2B8C3860-671D-497E-8CA4-FC69E9CBB55D}.Release|Any CPU.ActiveCfg = Release|Any CPU
		{2B8C3860-671D-497E-8CA4-FC69E9CBB55D}.Release|Any CPU.Build.0 = Release|Any CPU
		{23F2243D-5B05-4BDF-912D-55DC24D3AE88}.Debug|Any CPU.ActiveCfg = Debug|Any CPU
		{23F2243D-5B05-4BDF-912D-55DC24D3AE88}.Debug|Any CPU.Build.0 = Debug|Any CPU
		{23F2243D-5B05-4BDF-912D-55DC24D3AE88}.Release|Any CPU.ActiveCfg = Release|Any CPU
		{23F2243D-5B05-4BDF-912D-55DC24D3AE88}.Release|Any CPU.Build.0 = Release|Any CPU
		{E9F67929-EDE1-425B-8D7F-4F650B070626}.Debug|Any CPU.ActiveCfg = Debug|Any CPU
		{E9F67929-EDE1-425B-8D7F-4F650B070626}.Debug|Any CPU.Build.0 = Debug|Any CPU
		{E9F67929-EDE1-425B-8D7F-4F650B070626}.Release|Any CPU.ActiveCfg = Release|Any CPU
		{E9F67929-EDE1-425B-8D7F-4F650B070626}.Release|Any CPU.Build.0 = Release|Any CPU
	EndGlobalSection
	GlobalSection(SolutionProperties) = preSolution
		HideSolutionNode = FALSE
	EndGlobalSection
	GlobalSection(NestedProjects) = preSolution
		{2B8C3860-671D-497E-8CA4-FC69E9CBB55D} = {A05FBB9B-494F-42DE-BFE4-0FD145E9FA17}
		{23F2243D-5B05-4BDF-912D-55DC24D3AE88} = {A05FBB9B-494F-42DE-BFE4-0FD145E9FA17}
		{E9F67929-EDE1-425B-8D7F-4F650B070626} = {A05FBB9B-494F-42DE-BFE4-0FD145E9FA17}
	EndGlobalSection
	GlobalSection(ExtensibilityGlobals) = postSolution
		SolutionGuid = {524B24C6-CB21-4439-A58F-0F5B84FB02A1}
	EndGlobalSection
EndGlobal
